
Microsoft Visual Studio Solution File, Format Version 12.00
# Visual Studio Version 16
VisualStudioVersion = 16.0.31911.196
MinimumVisualStudioVersion = 10.0.40219.1
Project("{FAE04EC0-301F-11D3-BF4B-00C04F79EFBC}") = "RequestHttp", "RequestHttp.csproj", "{7C2D83AC-5562-41DC-84DB-ED27DD0AADA6}"
EndProject
Global
	GlobalSection(SolutionConfigurationPlatforms) = preSolution
		Debug|Any CPU = Debug|Any CPU
		Release|Any CPU = Release|Any CPU
	EndGlobalSection
	GlobalSection(ProjectConfigurationPlatforms) = postSolution
		{7C2D83AC-5562-41DC-84DB-ED27DD0AADA6}.Debug|Any CPU.ActiveCfg = Debug|Any CPU
		{7C2D83AC-5562-41DC-84DB-ED27DD0AADA6}.Debug|Any CPU.Build.0 = Debug|Any CPU
		{7C2D83AC-5562-41DC-84DB-ED27DD0AADA6}.Release|Any CPU.ActiveCfg = Release|Any CPU
		{7C2D83AC-5562-41DC-84DB-ED27DD0AADA6}.Release|Any CPU.Build.0 = Release|Any CPU
	EndGlobalSection
	GlobalSection(SolutionProperties) = preSolution
		HideSolutionNode = FALSE
	EndGlobalSection
	GlobalSection(ExtensibilityGlobals) = postSolution
		SolutionGuid = {911496F5-6A3B-4C49-969E-FDC9FEBC6B14}
	EndGlobalSection
EndGlobal
